
Microsoft Visual Studio Solution File, Format Version 12.00
# Visual Studio Version 16
VisualStudioVersion = 16.0.29613.14
MinimumVisualStudioVersion = 10.0.40219.1
Project("{FAE04EC0-301F-11D3-BF4B-00C04F79EFBC}") = "DigitsOfPi", "DigitsOfPi\DigitsOfPi.csproj", "{7B97F3CB-B89B-4F21-BC46-3968D27900BA}"
EndProject
Global
	GlobalSection(SolutionConfigurationPlatforms) = preSolution
		Debug|Any CPU = Debug|Any CPU
		Release|Any CPU = Release|Any CPU
	EndGlobalSection
	GlobalSection(ProjectConfigurationPlatforms) = postSolution
		{7B97F3CB-B89B-4F21-BC46-3968D27900BA}.Debug|Any CPU.ActiveCfg = Debug|Any CPU
		{7B97F3CB-B89B-4F21-BC46-3968D27900BA}.Debug|Any CPU.Build.0 = Debug|Any CPU
		{7B97F3CB-B89B-4F21-BC46-3968D27900BA}.Release|Any CPU.ActiveCfg = Release|Any CPU
		{7B97F3CB-B89B-4F21-BC46-3968D27900BA}.Release|Any CPU.Build.0 = Release|Any CPU
	EndGlobalSection
	GlobalSection(SolutionProperties) = preSolution
		HideSolutionNode = FALSE
	EndGlobalSection
	GlobalSection(ExtensibilityGlobals) = postSolution
		SolutionGuid = {A38ECFCE-D671-4776-AABC-B7F6F53D29A4}
	EndGlobalSection
EndGlobal
